{
  "version": 4,
  "terraform_version": "1.2.6",
  "serial": 22,
  "lineage": "f248b3f8-dcf2-8fd9-d6fb-d111928e1fd2",
  "outputs": {
    "project_identification_number": {
      "value": {
        "description": "Managed by Terraform",
        "id": "4b482fcd-315f-43b9-866d-fcff126288f2",
        "name": "Example Project",
        "process_template_id": "adcc42ab-9882-485e-a3ed-7678f01f66bc",
        "project_id": "4b482fcd-315f-43b9-866d-fcff126288f2",
        "version_control": "Git",
        "visibility": "private",
        "work_item_template": "Agile"
      },
      "type": [
        "object",
        {
          "description": "string",
          "id": "string",
          "name": "string",
          "process_template_id": "string",
          "project_id": "string",
          "version_control": "string",
          "visibility": "string",
          "work_item_template": "string"
        }
      ]
    }
  },
  "resources": [
    {
      "mode": "data",
      "type": "azdotf_project",
      "name": "project_data",
      "provider": "provider[\"hashicorp.com/azdo/azdotf\"]",
      "instances": []
    },
    {
      "mode": "managed",
      "type": "azdotf_project",
      "name": "example",
      "provider": "provider[\"hashicorp.com/azdo/azdotf\"]",
      "instances": [
        {
          "schema_version": 0,
          "attributes": {
            "description": "Managed by Pavan",
            "id": "4b482fcd-315f-43b9-866d-fcff126288f2",
            "name": "Sample Project",
            "process_template_id": "adcc42ab-9882-485e-a3ed-7678f01f66bc",
            "timeouts": null,
            "version_control": "Git",
            "visibility": "public",
            "work_item_template": "Agile"
          },
          "sensitive_attributes": [],
          "private": "eyJlMmJmYjczMC1lY2FhLTExZTYtOGY4OC0zNDM2M2JjN2M0YzAiOnsiY3JlYXRlIjo2MDAwMDAwMDAwMDAsImRlbGV0ZSI6NjAwMDAwMDAwMDAwLCJyZWFkIjozMDAwMDAwMDAwMDAsInVwZGF0ZSI6NjAwMDAwMDAwMDAwfX0="
        }
      ]
    }
  ]
}
